{
  "nodes": {
    "agenix": {
      "inputs": {
        "darwin": "darwin",
        "home-manager": "home-manager",
        "nixpkgs": [
          "nixpkgs"
        ],
        "systems": "systems"
      },
      "locked": {
        "lastModified": 1750173260,
        "narHash": "sha256-9P1FziAwl5+3edkfFcr5HeGtQUtrSdk/MksX39GieoA=",
        "owner": "ryantm",
        "repo": "agenix",
        "rev": "531beac616433bac6f9e2a19feb8e99a22a66baf",
        "type": "github"
      },
      "original": {
        "owner": "ryantm",
        "repo": "agenix",
        "type": "github"
      }
    },
    "darwin": {
      "inputs": {
        "nixpkgs": [
          "agenix",
          "nixpkgs"
        ]
      },
      "locked": {
        "lastModified": 1744478979,
        "narHash": "sha256-dyN+teG9G82G+m+PX/aSAagkC+vUv0SgUw3XkPhQodQ=",
        "owner": "lnl7",
        "repo": "nix-darwin",
        "rev": "43975d782b418ebf4969e9ccba82466728c2851b",
        "type": "github"
      },
      "original": {
        "owner": "lnl7",
        "ref": "master",
        "repo": "nix-darwin",
        "type": "github"
      }
    },
    "flake-parts": {
      "inputs": {
        "nixpkgs-lib": "nixpkgs-lib"
      },
      "locked": {
        "lastModified": 1749398372,
        "narHash": "sha256-tYBdgS56eXYaWVW3fsnPQ/nFlgWi/Z2Ymhyu21zVM98=",
        "owner": "hercules-ci",
        "repo": "flake-parts",
        "rev": "9305fe4e5c2a6fcf5ba6a3ff155720fbe4076569",
        "type": "github"
      },
      "original": {
        "owner": "hercules-ci",
        "repo": "flake-parts",
        "type": "github"
      }
    },
    "flake-utils": {
      "inputs": {
        "systems": "systems_2"
      },
      "locked": {
        "lastModified": 1731533236,
        "narHash": "sha256-l0KFg5HjrsfsO/JpG+r7fRrqm12kzFHyUHqHCVpMMbI=",
        "owner": "numtide",
        "repo": "flake-utils",
        "rev": "11707dc2f618dd54ca8739b309ec4fc024de578b",
        "type": "github"
      },
      "original": {
        "owner": "numtide",
        "repo": "flake-utils",
        "type": "github"
      }
    },
    "git-hooks": {
      "flake": false,
      "locked": {
        "lastModified": 1749636823,
        "narHash": "sha256-WUaIlOlPLyPgz9be7fqWJA5iG6rHcGRtLERSCfUDne4=",
        "owner": "cachix",
        "repo": "git-hooks.nix",
        "rev": "623c56286de5a3193aa38891a6991b28f9bab056",
        "type": "github"
      },
      "original": {
        "owner": "cachix",
        "repo": "git-hooks.nix",
        "type": "github"
      }
    },
    "home-manager": {
      "inputs": {
        "nixpkgs": [
          "agenix",
          "nixpkgs"
        ]
      },
      "locked": {
        "lastModified": 1745494811,
        "narHash": "sha256-YZCh2o9Ua1n9uCvrvi5pRxtuVNml8X2a03qIFfRKpFs=",
        "owner": "nix-community",
        "repo": "home-manager",
        "rev": "abfad3d2958c9e6300a883bd443512c55dfeb1be",
        "type": "github"
      },
      "original": {
        "owner": "nix-community",
        "repo": "home-manager",
        "type": "github"
      }
    },
    "home-manager_2": {
      "inputs": {
        "nixpkgs": [
          "nixpkgs"
        ]
      },
      "locked": {
        "lastModified": 1750304462,
        "narHash": "sha256-Mj5t4yX05/rXnRqJkpoLZTWqgStB88Mr/fegTRqyiWc=",
        "owner": "nix-community",
        "repo": "home-manager",
        "rev": "863842639722dd12ae9e37ca83bcb61a63b36f6c",
        "type": "github"
      },
      "original": {
        "owner": "nix-community",
        "repo": "home-manager",
        "type": "github"
      }
    },
    "nix-darwin": {
      "inputs": {
        "nixpkgs": [
          "nixpkgs"
        ]
      },
      "locked": {
        "lastModified": 1750325256,
        "narHash": "sha256-vvlxGz/waqJ3TGqM/iqXbnEc7/R1qnEXmaBiPaQ1RE0=",
        "owner": "LnL7",
        "repo": "nix-darwin",
        "rev": "0d71cbf88d63e938b37b85b3bf8b238bcf7b39b9",
        "type": "github"
      },
      "original": {
        "owner": "LnL7",
        "repo": "nix-darwin",
        "type": "github"
      }
    },
    "nix-flatpak": {
      "locked": {
        "lastModified": 1749394952,
        "narHash": "sha256-WbWkzIvB0gqAdBLghdmUpGveY7MlAS2iMj3VEJnJ9yE=",
        "owner": "gmodena",
        "repo": "nix-flatpak",
        "rev": "64c6e53a3999957c19ab95cda78bde466d8374cc",
        "type": "github"
      },
      "original": {
        "owner": "gmodena",
        "repo": "nix-flatpak",
        "type": "github"
      }
    },
    "nix-index-database": {
      "inputs": {
        "nixpkgs": [
          "nixpkgs"
        ]
      },
      "locked": {
        "lastModified": 1749960154,
        "narHash": "sha256-EWlr9MZDd+GoGtZB4QsDzaLyaDQPGnRY03MFp6u2wSg=",
        "owner": "nix-community",
        "repo": "nix-index-database",
        "rev": "424a40050cdc5f494ec45e46462d288f08c64475",
        "type": "github"
      },
      "original": {
        "owner": "nix-community",
        "repo": "nix-index-database",
        "type": "github"
      }
    },
    "nix-vscode-extensions": {
      "inputs": {
        "flake-utils": "flake-utils",
        "nixpkgs": [
          "nixpkgs"
        ]
      },
      "locked": {
        "lastModified": 1750471394,
        "narHash": "sha256-IdOUn2DcabUAa42nthbyIY+frX42tTkU9KGddbpq5H4=",
        "owner": "nix-community",
        "repo": "nix-vscode-extensions",
        "rev": "8368fd526c329cb83a00f9e3cbc35a89599d5ced",
        "type": "github"
      },
      "original": {
        "owner": "nix-community",
        "repo": "nix-vscode-extensions",
        "type": "github"
      }
    },
    "nixos-hardware": {
      "locked": {
        "lastModified": 1750431636,
        "narHash": "sha256-vnzzBDbCGvInmfn2ijC4HsIY/3W1CWbwS/YQoFgdgPg=",
        "owner": "NixOS",
        "repo": "nixos-hardware",
        "rev": "1552a9f4513f3f0ceedcf90320e48d3d47165712",
        "type": "github"
      },
      "original": {
        "owner": "NixOS",
        "repo": "nixos-hardware",
        "type": "github"
      }
    },
    "nixos-unified": {
      "locked": {
        "lastModified": 1747972413,
        "narHash": "sha256-1EGZATVzllVLDqajfyHOwBB3t/hNj0xv7MVbGfKQ788=",
        "owner": "srid",
        "repo": "nixos-unified",
        "rev": "a1d1cd9ae1ca9866f47afc5e12f30acded261fcb",
        "type": "github"
      },
      "original": {
        "owner": "srid",
        "repo": "nixos-unified",
        "type": "github"
      }
    },
    "nixpkgs": {
      "locked": {
        "lastModified": 1750365781,
        "narHash": "sha256-XE/lFNhz5lsriMm/yjXkvSZz5DfvKJLUjsS6pP8EC50=",
        "owner": "NixOS",
        "repo": "nixpkgs",
        "rev": "08f22084e6085d19bcfb4be30d1ca76ecb96fe54",
        "type": "github"
      },
      "original": {
        "owner": "NixOS",
        "ref": "nixos-unstable",
        "repo": "nixpkgs",
        "type": "github"
      }
    },
    "nixpkgs-lib": {
      "locked": {
        "lastModified": 1748740939,
        "narHash": "sha256-rQaysilft1aVMwF14xIdGS3sj1yHlI6oKQNBRTF40cc=",
        "owner": "nix-community",
        "repo": "nixpkgs.lib",
        "rev": "656a64127e9d791a334452c6b6606d17539476e2",
        "type": "github"
      },
      "original": {
        "owner": "nix-community",
        "repo": "nixpkgs.lib",
        "type": "github"
      }
    },
    "root": {
      "inputs": {
        "agenix": "agenix",
        "flake-parts": "flake-parts",
        "git-hooks": "git-hooks",
        "home-manager": "home-manager_2",
        "nix-darwin": "nix-darwin",
        "nix-flatpak": "nix-flatpak",
        "nix-index-database": "nix-index-database",
        "nix-vscode-extensions": "nix-vscode-extensions",
        "nixos-hardware": "nixos-hardware",
        "nixos-unified": "nixos-unified",
        "nixpkgs": "nixpkgs",
        "stable-pkgs": "stable-pkgs"
      }
    },
    "stable-pkgs": {
      "locked": {
        "lastModified": 1750400657,
        "narHash": "sha256-3vkjFnxCOP6vm5Pm13wC/Zy6/VYgei/I/2DWgW4RFeA=",
        "owner": "nixos",
        "repo": "nixpkgs",
        "rev": "b2485d56967598da068b5a6946dadda8bfcbcd37",
        "type": "github"
      },
      "original": {
        "owner": "nixos",
        "ref": "nixos-25.05",
        "repo": "nixpkgs",
        "type": "github"
      }
    },
    "systems": {
      "locked": {
        "lastModified": 1681028828,
        "narHash": "sha256-Vy1rq5AaRuLzOxct8nz4T6wlgyUR7zLU309k9mBC768=",
        "owner": "nix-systems",
        "repo": "default",
        "rev": "da67096a3b9bf56a91d16901293e51ba5b49a27e",
        "type": "github"
      },
      "original": {
        "owner": "nix-systems",
        "repo": "default",
        "type": "github"
      }
    },
    "systems_2": {
      "locked": {
        "lastModified": 1681028828,
        "narHash": "sha256-Vy1rq5AaRuLzOxct8nz4T6wlgyUR7zLU309k9mBC768=",
        "owner": "nix-systems",
        "repo": "default",
        "rev": "da67096a3b9bf56a91d16901293e51ba5b49a27e",
        "type": "github"
      },
      "original": {
        "owner": "nix-systems",
        "repo": "default",
        "type": "github"
      }
    }
  },
  "root": "root",
  "version": 7
}
